
Microsoft Visual Studio Solution File, Format Version 12.00
# Visual Studio 15
VisualStudioVersion = 15.0.28307.1972
MinimumVisualStudioVersion = 10.0.40219.1
Project("{8BC9CEB8-8B4A-11D0-8D11-00A0C91BC942}") = "vjezba-1", "vjezba-1\vjezba-1.vcxproj", "{96980AB0-EE5E-46E0-9A84-2337EAF5F6A8}"
EndProject
Global
	GlobalSection(SolutionConfigurationPlatforms) = preSolution
		Debug|x64 = Debug|x64
		Debug|x86 = Debug|x86
		Release|x64 = Release|x64
		Release|x86 = Release|x86
	EndGlobalSection
	GlobalSection(ProjectConfigurationPlatforms) = postSolution
		{96980AB0-EE5E-46E0-9A84-2337EAF5F6A8}.Debug|x64.ActiveCfg = Debug|x64
		{96980AB0-EE5E-46E0-9A84-2337EAF5F6A8}.Debug|x64.Build.0 = Debug|x64
		{96980AB0-EE5E-46E0-9A84-2337EAF5F6A8}.Debug|x86.ActiveCfg = Debug|Win32
		{96980AB0-EE5E-46E0-9A84-2337EAF5F6A8}.Debug|x86.Build.0 = Debug|Win32
		{96980AB0-EE5E-46E0-9A84-2337EAF5F6A8}.Release|x64.ActiveCfg = Release|x64
		{96980AB0-EE5E-46E0-9A84-2337EAF5F6A8}.Release|x64.Build.0 = Release|x64
		{96980AB0-EE5E-46E0-9A84-2337EAF5F6A8}.Release|x86.ActiveCfg = Release|Win32
		{96980AB0-EE5E-46E0-9A84-2337EAF5F6A8}.Release|x86.Build.0 = Release|Win32
	EndGlobalSection
	GlobalSection(SolutionProperties) = preSolution
		HideSolutionNode = FALSE
	EndGlobalSection
	GlobalSection(ExtensibilityGlobals) = postSolution
		SolutionGuid = {4F66007F-2F5C-4C0E-B8AC-1E78463C275B}
	EndGlobalSection
EndGlobal
