
Microsoft Visual Studio Solution File, Format Version 12.00
# Visual Studio Version 16
VisualStudioVersion = 16.0.31729.503
MinimumVisualStudioVersion = 10.0.40219.1
Project("{8BC9CEB8-8B4A-11D0-8D11-00A0C91BC942}") = "vjezba-8", "vjezba-8.vcxproj", "{F40CEFA8-6F70-46A5-95CE-CFBA812AC745}"
EndProject
Global
	GlobalSection(SolutionConfigurationPlatforms) = preSolution
		Debug|x64 = Debug|x64
		Debug|x86 = Debug|x86
		Release|x64 = Release|x64
		Release|x86 = Release|x86
	EndGlobalSection
	GlobalSection(ProjectConfigurationPlatforms) = postSolution
		{F40CEFA8-6F70-46A5-95CE-CFBA812AC745}.Debug|x64.ActiveCfg = Debug|x64
		{F40CEFA8-6F70-46A5-95CE-CFBA812AC745}.Debug|x64.Build.0 = Debug|x64
		{F40CEFA8-6F70-46A5-95CE-CFBA812AC745}.Debug|x86.ActiveCfg = Debug|Win32
		{F40CEFA8-6F70-46A5-95CE-CFBA812AC745}.Debug|x86.Build.0 = Debug|Win32
		{F40CEFA8-6F70-46A5-95CE-CFBA812AC745}.Release|x64.ActiveCfg = Release|x64
		{F40CEFA8-6F70-46A5-95CE-CFBA812AC745}.Release|x64.Build.0 = Release|x64
		{F40CEFA8-6F70-46A5-95CE-CFBA812AC745}.Release|x86.ActiveCfg = Release|Win32
		{F40CEFA8-6F70-46A5-95CE-CFBA812AC745}.Release|x86.Build.0 = Release|Win32
	EndGlobalSection
	GlobalSection(SolutionProperties) = preSolution
		HideSolutionNode = FALSE
	EndGlobalSection
	GlobalSection(ExtensibilityGlobals) = postSolution
		SolutionGuid = {D4026817-99A1-448F-8E4A-2EEF5E89E652}
	EndGlobalSection
EndGlobal
